// !$*UTF8*$!
{
	archiveVersion = 1;
	classes = {
	};
	objectVersion = 50;
	objects = {

/* Begin PBXBuildFile section */
		84FECABA252454D800228903 /* AppDelegate.swift in Sources */ = {isa = PBXBuildFile; fileRef = 84FECAB9252454D800228903 /* AppDelegate.swift */; };
		84FECABC252454D800228903 /* SceneDelegate.swift in Sources */ = {isa = PBXBuildFile; fileRef = 84FECABB252454D800228903 /* SceneDelegate.swift */; };
		84FECAC1252454D800228903 /* Main.storyboard in Resources */ = {isa = PBXBuildFile; fileRef = 84FECABF252454D800228903 /* Main.storyboard */; };
		84FECAC3252454E700228903 /* Assets.xcassets in Resources */ = {isa = PBXBuildFile; fileRef = 84FECAC2252454E700228903 /* Assets.xcassets */; };
		84FECAC6252454E700228903 /* LaunchScreen.storyboard in Resources */ = {isa = PBXBuildFile; fileRef = 84FECAC4252454E700228903 /* LaunchScreen.storyboard */; };
		84FECADE25245A2F00228903 /* MainInterfaces.swift in Sources */ = {isa = PBXBuildFile; fileRef = 84FECAD925245A2F00228903 /* MainInterfaces.swift */; };
		84FECADF25245A2F00228903 /* MainPresenter.swift in Sources */ = {isa = PBXBuildFile; fileRef = 84FECADA25245A2F00228903 /* MainPresenter.swift */; };
		84FECAE025245A2F00228903 /* MainViewController.swift in Sources */ = {isa = PBXBuildFile; fileRef = 84FECADB25245A2F00228903 /* MainViewController.swift */; };
		84FECAE125245A2F00228903 /* MainInteractor.swift in Sources */ = {isa = PBXBuildFile; fileRef = 84FECADC25245A2F00228903 /* MainInteractor.swift */; };
		84FECAE225245A2F00228903 /* MainWireframe.swift in Sources */ = {isa = PBXBuildFile; fileRef = 84FECADD25245A2F00228903 /* MainWireframe.swift */; };
		84FECAE525245AE400228903 /* BaseWireframe.swift in Sources */ = {isa = PBXBuildFile; fileRef = 84FECAE425245AE400228903 /* BaseWireframe.swift */; };
		84FECAE725245BB700228903 /* ViewInterface.swift in Sources */ = {isa = PBXBuildFile; fileRef = 84FECAE625245BB700228903 /* ViewInterface.swift */; };
		84FECAEA2524757F00228903 /* PryanikService.swift in Sources */ = {isa = PBXBuildFile; fileRef = 84FECAE92524757F00228903 /* PryanikService.swift */; };
		84FECAED2524789C00228903 /* Pryanik.swift in Sources */ = {isa = PBXBuildFile; fileRef = 84FECAEC2524789C00228903 /* Pryanik.swift */; };
/* End PBXBuildFile section */

/* Begin PBXFileReference section */
		84FECAB6252454D800228903 /* Pryaniki.app */ = {isa = PBXFileReference; explicitFileType = wrapper.application; includeInIndex = 0; path = Pryaniki.app; sourceTree = BUILT_PRODUCTS_DIR; };
		84FECAB9252454D800228903 /* AppDelegate.swift */ = {isa = PBXFileReference; lastKnownFileType = sourcecode.swift; path = AppDelegate.swift; sourceTree = "<group>"; };
		84FECABB252454D800228903 /* SceneDelegate.swift */ = {isa = PBXFileReference; lastKnownFileType = sourcecode.swift; path = SceneDelegate.swift; sourceTree = "<group>"; };
		84FECAC0252454D800228903 /* Base */ = {isa = PBXFileReference; lastKnownFileType = file.storyboard; name = Base; path = Base.lproj/Main.storyboard; sourceTree = "<group>"; };
		84FECAC2252454E700228903 /* Assets.xcassets */ = {isa = PBXFileReference; lastKnownFileType = folder.assetcatalog; path = Assets.xcassets; sourceTree = "<group>"; };
		84FECAC5252454E700228903 /* Base */ = {isa = PBXFileReference; lastKnownFileType = file.storyboard; name = Base; path = Base.lproj/LaunchScreen.storyboard; sourceTree = "<group>"; };
		84FECAC7252454E700228903 /* Info.plist */ = {isa = PBXFileReference; lastKnownFileType = text.plist.xml; path = Info.plist; sourceTree = "<group>"; };
		84FECAD925245A2F00228903 /* MainInterfaces.swift */ = {isa = PBXFileReference; lastKnownFileType = sourcecode.swift; path = MainInterfaces.swift; sourceTree = "<group>"; };
		84FECADA25245A2F00228903 /* MainPresenter.swift */ = {isa = PBXFileReference; lastKnownFileType = sourcecode.swift; path = MainPresenter.swift; sourceTree = "<group>"; };
		84FECADB25245A2F00228903 /* MainViewController.swift */ = {isa = PBXFileReference; lastKnownFileType = sourcecode.swift; path = MainViewController.swift; sourceTree = "<group>"; };
		84FECADC25245A2F00228903 /* MainInteractor.swift */ = {isa = PBXFileReference; lastKnownFileType = sourcecode.swift; path = MainInteractor.swift; sourceTree = "<group>"; };
		84FECADD25245A2F00228903 /* MainWireframe.swift */ = {isa = PBXFileReference; lastKnownFileType = sourcecode.swift; path = MainWireframe.swift; sourceTree = "<group>"; };
		84FECAE425245AE400228903 /* BaseWireframe.swift */ = {isa = PBXFileReference; lastKnownFileType = sourcecode.swift; path = BaseWireframe.swift; sourceTree = "<group>"; };
		84FECAE625245BB700228903 /* ViewInterface.swift */ = {isa = PBXFileReference; lastKnownFileType = sourcecode.swift; path = ViewInterface.swift; sourceTree = "<group>"; };
		84FECAE92524757F00228903 /* PryanikService.swift */ = {isa = PBXFileReference; lastKnownFileType = sourcecode.swift; path = PryanikService.swift; sourceTree = "<group>"; };
		84FECAEC2524789C00228903 /* Pryanik.swift */ = {isa = PBXFileReference; lastKnownFileType = sourcecode.swift; path = Pryanik.swift; sourceTree = "<group>"; };
/* End PBXFileReference section */

/* Begin PBXFrameworksBuildPhase section */
		84FECAB3252454D800228903 /* Frameworks */ = {
			isa = PBXFrameworksBuildPhase;
			buildActionMask = 2147483647;
			files = (
			);
			runOnlyForDeploymentPostprocessing = 0;
		};
/* End PBXFrameworksBuildPhase section */

/* Begin PBXGroup section */
		84FECAAD252454D800228903 = {
			isa = PBXGroup;
			children = (
				84FECAB8252454D800228903 /* Pryaniki */,
				84FECAB7252454D800228903 /* Products */,
			);
			sourceTree = "<group>";
		};
		84FECAB7252454D800228903 /* Products */ = {
			isa = PBXGroup;
			children = (
				84FECAB6252454D800228903 /* Pryaniki.app */,
			);
			name = Products;
			sourceTree = "<group>";
		};
		84FECAB8252454D800228903 /* Pryaniki */ = {
			isa = PBXGroup;
			children = (
				84FECAEB2524788700228903 /* Models */,
				84FECAE82524756000228903 /* Services */,
				84FECAE325245AC700228903 /* Utility */,
				84FECACD252455F100228903 /* Modules */,
				84FECAB9252454D800228903 /* AppDelegate.swift */,
				84FECABB252454D800228903 /* SceneDelegate.swift */,
				84FECABF252454D800228903 /* Main.storyboard */,
				84FECAC2252454E700228903 /* Assets.xcassets */,
				84FECAC4252454E700228903 /* LaunchScreen.storyboard */,
				84FECAC7252454E700228903 /* Info.plist */,
			);
			path = Pryaniki;
			sourceTree = "<group>";
		};
		84FECACD252455F100228903 /* Modules */ = {
			isa = PBXGroup;
			children = (
				84FECAD02524566500228903 /* Main */,
			);
			path = Modules;
			sourceTree = "<group>";
		};
		84FECAD02524566500228903 /* Main */ = {
			isa = PBXGroup;
			children = (
				84FECAD925245A2F00228903 /* MainInterfaces.swift */,
				84FECADA25245A2F00228903 /* MainPresenter.swift */,
				84FECADB25245A2F00228903 /* MainViewController.swift */,
				84FECADC25245A2F00228903 /* MainInteractor.swift */,
				84FECADD25245A2F00228903 /* MainWireframe.swift */,
			);
			path = Main;
			sourceTree = "<group>";
		};
		84FECAE325245AC700228903 /* Utility */ = {
			isa = PBXGroup;
			children = (
				84FECAE425245AE400228903 /* BaseWireframe.swift */,
				84FECAE625245BB700228903 /* ViewInterface.swift */,
			);
			path = Utility;
			sourceTree = "<group>";
		};
		84FECAE82524756000228903 /* Services */ = {
			isa = PBXGroup;
			children = (
				84FECAE92524757F00228903 /* PryanikService.swift */,
			);
			path = Services;
			sourceTree = "<group>";
		};
		84FECAEB2524788700228903 /* Models */ = {
			isa = PBXGroup;
			children = (
				84FECAEC2524789C00228903 /* Pryanik.swift */,
			);
			path = Models;
			sourceTree = "<group>";
		};
/* End PBXGroup section */

/* Begin PBXNativeTarget section */
		84FECAB5252454D800228903 /* Pryaniki */ = {
			isa = PBXNativeTarget;
			buildConfigurationList = 84FECACA252454E700228903 /* Build configuration list for PBXNativeTarget "Pryaniki" */;
			buildPhases = (
				84FECAB2252454D800228903 /* Sources */,
				84FECAB3252454D800228903 /* Frameworks */,
				84FECAB4252454D800228903 /* Resources */,
			);
			buildRules = (
			);
			dependencies = (
			);
			name = Pryaniki;
			productName = Pryaniki;
			productReference = 84FECAB6252454D800228903 /* Pryaniki.app */;
			productType = "com.apple.product-type.application";
		};
/* End PBXNativeTarget section */

/* Begin PBXProject section */
		84FECAAE252454D800228903 /* Project object */ = {
			isa = PBXProject;
			attributes = {
				LastSwiftUpdateCheck = 1140;
				LastUpgradeCheck = 1140;
				ORGANIZATIONNAME = "Danil Semenov";
				TargetAttributes = {
					84FECAB5252454D800228903 = {
						CreatedOnToolsVersion = 11.4;
					};
				};
			};
			buildConfigurationList = 84FECAB1252454D800228903 /* Build configuration list for PBXProject "Pryaniki" */;
			compatibilityVersion = "Xcode 9.3";
			developmentRegion = en;
			hasScannedForEncodings = 0;
			knownRegions = (
				en,
				Base,
			);
			mainGroup = 84FECAAD252454D800228903;
			productRefGroup = 84FECAB7252454D800228903 /* Products */;
			projectDirPath = "";
			projectRoot = "";
			targets = (
				84FECAB5252454D800228903 /* Pryaniki */,
			);
		};
/* End PBXProject section */

/* Begin PBXResourcesBuildPhase section */
		84FECAB4252454D800228903 /* Resources */ = {
			isa = PBXResourcesBuildPhase;
			buildActionMask = 2147483647;
			files = (
				84FECAC6252454E700228903 /* LaunchScreen.storyboard in Resources */,
				84FECAC3252454E700228903 /* Assets.xcassets in Resources */,
				84FECAC1252454D800228903 /* Main.storyboard in Resources */,
			);
			runOnlyForDeploymentPostprocessing = 0;
		};
/* End PBXResourcesBuildPhase section */

/* Begin PBXSourcesBuildPhase section */
		84FECAB2252454D800228903 /* Sources */ = {
			isa = PBXSourcesBuildPhase;
			buildActionMask = 2147483647;
			files = (
				84FECAED2524789C00228903 /* Pryanik.swift in Sources */,
				84FECAEA2524757F00228903 /* PryanikService.swift in Sources */,
				84FECABA252454D800228903 /* AppDelegate.swift in Sources */,
				84FECAE225245A2F00228903 /* MainWireframe.swift in Sources */,
				84FECADE25245A2F00228903 /* MainInterfaces.swift in Sources */,
				84FECAE525245AE400228903 /* BaseWireframe.swift in Sources */,
				84FECAE725245BB700228903 /* ViewInterface.swift in Sources */,
				84FECABC252454D800228903 /* SceneDelegate.swift in Sources */,
				84FECADF25245A2F00228903 /* MainPresenter.swift in Sources */,
				84FECAE025245A2F00228903 /* MainViewController.swift in Sources */,
				84FECAE125245A2F00228903 /* MainInteractor.swift in Sources */,
			);
			runOnlyForDeploymentPostprocessing = 0;
		};
/* End PBXSourcesBuildPhase section */

/* Begin PBXVariantGroup section */
		84FECABF252454D800228903 /* Main.storyboard */ = {
			isa = PBXVariantGroup;
			children = (
				84FECAC0252454D800228903 /* Base */,
			);
			name = Main.storyboard;
			sourceTree = "<group>";
		};
		84FECAC4252454E700228903 /* LaunchScreen.storyboard */ = {
			isa = PBXVariantGroup;
			children = (
				84FECAC5252454E700228903 /* Base */,
			);
			name = LaunchScreen.storyboard;
			sourceTree = "<group>";
		};
/* End PBXVariantGroup section */

/* Begin XCBuildConfiguration section */
		84FECAC8252454E700228903 /* Debug */ = {
			isa = XCBuildConfiguration;
			buildSettings = {
				ALWAYS_SEARCH_USER_PATHS = NO;
				CLANG_ANALYZER_NONNULL = YES;
				CLANG_ANALYZER_NUMBER_OBJECT_CONVERSION = YES_AGGRESSIVE;
				CLANG_CXX_LANGUAGE_STANDARD = "gnu++14";
				CLANG_CXX_LIBRARY = "libc++";
				CLANG_ENABLE_MODULES = YES;
				CLANG_ENABLE_OBJC_ARC = YES;
				CLANG_ENABLE_OBJC_WEAK = YES;
				CLANG_WARN_BLOCK_CAPTURE_AUTORELEASING = YES;
				CLANG_WARN_BOOL_CONVERSION = YES;
				CLANG_WARN_COMMA = YES;
				CLANG_WARN_CONSTANT_CONVERSION = YES;
				CLANG_WARN_DEPRECATED_OBJC_IMPLEMENTATIONS = YES;
				CLANG_WARN_DIRECT_OBJC_ISA_USAGE = YES_ERROR;
				CLANG_WARN_DOCUMENTATION_COMMENTS = YES;
				CLANG_WARN_EMPTY_BODY = YES;
				CLANG_WARN_ENUM_CONVERSION = YES;
				CLANG_WARN_INFINITE_RECURSION = YES;
				CLANG_WARN_INT_CONVERSION = YES;
				CLANG_WARN_NON_LITERAL_NULL_CONVERSION = YES;
				CLANG_WARN_OBJC_IMPLICIT_RETAIN_SELF = YES;
				CLANG_WARN_OBJC_LITERAL_CONVERSION = YES;
				CLANG_WARN_OBJC_ROOT_CLASS = YES_ERROR;
				CLANG_WARN_RANGE_LOOP_ANALYSIS = YES;
				CLANG_WARN_STRICT_PROTOTYPES = YES;
				CLANG_WARN_SUSPICIOUS_MOVE = YES;
				CLANG_WARN_UNGUARDED_AVAILABILITY = YES_AGGRESSIVE;
				CLANG_WARN_UNREACHABLE_CODE = YES;
				CLANG_WARN__DUPLICATE_METHOD_MATCH = YES;
				COPY_PHASE_STRIP = NO;
				DEBUG_INFORMATION_FORMAT = dwarf;
				ENABLE_STRICT_OBJC_MSGSEND = YES;
				ENABLE_TESTABILITY = YES;
				GCC_C_LANGUAGE_STANDARD = gnu11;
				GCC_DYNAMIC_NO_PIC = NO;
				GCC_NO_COMMON_BLOCKS = YES;
				GCC_OPTIMIZATION_LEVEL = 0;
				GCC_PREPROCESSOR_DEFINITIONS = (
					"DEBUG=1",
					"$(inherited)",
				);
				GCC_WARN_64_TO_32_BIT_CONVERSION = YES;
				GCC_WARN_ABOUT_RETURN_TYPE = YES_ERROR;
				GCC_WARN_UNDECLARED_SELECTOR = YES;
				GCC_WARN_UNINITIALIZED_AUTOS = YES_AGGRESSIVE;
				GCC_WARN_UNUSED_FUNCTION = YES;
				GCC_WARN_UNUSED_VARIABLE = YES;
				IPHONEOS_DEPLOYMENT_TARGET = 13.4;
				MTL_ENABLE_DEBUG_INFO = INCLUDE_SOURCE;
				MTL_FAST_MATH = YES;
				ONLY_ACTIVE_ARCH = YES;
				SDKROOT = iphoneos;
				SWIFT_ACTIVE_COMPILATION_CONDITIONS = DEBUG;
				SWIFT_OPTIMIZATION_LEVEL = "-Onone";
			};
			name = Debug;
		};
		84FECAC9252454E700228903 /* Release */ = {
			isa = XCBuildConfiguration;
			buildSettings = {
				ALWAYS_SEARCH_USER_PATHS = NO;
				CLANG_ANALYZER_NONNULL = YES;
				CLANG_ANALYZER_NUMBER_OBJECT_CONVERSION = YES_AGGRESSIVE;
				CLANG_CXX_LANGUAGE_STANDARD = "gnu++14";
				CLANG_CXX_LIBRARY = "libc++";
				CLANG_ENABLE_MODULES = YES;
				CLANG_ENABLE_OBJC_ARC = YES;
				CLANG_ENABLE_OBJC_WEAK = YES;
				CLANG_WARN_BLOCK_CAPTURE_AUTORELEASING = YES;
				CLANG_WARN_BOOL_CONVERSION = YES;
				CLANG_WARN_COMMA = YES;
				CLANG_WARN_CONSTANT_CONVERSION = YES;
				CLANG_WARN_DEPRECATED_OBJC_IMPLEMENTATIONS = YES;
				CLANG_WARN_DIRECT_OBJC_ISA_USAGE = YES_ERROR;
				CLANG_WARN_DOCUMENTATION_COMMENTS = YES;
				CLANG_WARN_EMPTY_BODY = YES;
				CLANG_WARN_ENUM_CONVERSION = YES;
				CLANG_WARN_INFINITE_RECURSION = YES;
				CLANG_WARN_INT_CONVERSION = YES;
				CLANG_WARN_NON_LITERAL_NULL_CONVERSION = YES;
				CLANG_WARN_OBJC_IMPLICIT_RETAIN_SELF = YES;
				CLANG_WARN_OBJC_LITERAL_CONVERSION = YES;
				CLANG_WARN_OBJC_ROOT_CLASS = YES_ERROR;
				CLANG_WARN_RANGE_LOOP_ANALYSIS = YES;
				CLANG_WARN_STRICT_PROTOTYPES = YES;
				CLANG_WARN_SUSPICIOUS_MOVE = YES;
				CLANG_WARN_UNGUARDED_AVAILABILITY = YES_AGGRESSIVE;
				CLANG_WARN_UNREACHABLE_CODE = YES;
				CLANG_WARN__DUPLICATE_METHOD_MATCH = YES;
				COPY_PHASE_STRIP = NO;
				DEBUG_INFORMATION_FORMAT = "dwarf-with-dsym";
				ENABLE_NS_ASSERTIONS = NO;
				ENABLE_STRICT_OBJC_MSGSEND = YES;
				GCC_C_LANGUAGE_STANDARD = gnu11;
				GCC_NO_COMMON_BLOCKS = YES;
				GCC_WARN_64_TO_32_BIT_CONVERSION = YES;
				GCC_WARN_ABOUT_RETURN_TYPE = YES_ERROR;
				GCC_WARN_UNDECLARED_SELECTOR = YES;
				GCC_WARN_UNINITIALIZED_AUTOS = YES_AGGRESSIVE;
				GCC_WARN_UNUSED_FUNCTION = YES;
				GCC_WARN_UNUSED_VARIABLE = YES;
				IPHONEOS_DEPLOYMENT_TARGET = 13.4;
				MTL_ENABLE_DEBUG_INFO = NO;
				MTL_FAST_MATH = YES;
				SDKROOT = iphoneos;
				SWIFT_COMPILATION_MODE = wholemodule;
				SWIFT_OPTIMIZATION_LEVEL = "-O";
				VALIDATE_PRODUCT = YES;
			};
			name = Release;
		};
		84FECACB252454E700228903 /* Debug */ = {
			isa = XCBuildConfiguration;
			buildSettings = {
				ASSETCATALOG_COMPILER_APPICON_NAME = AppIcon;
				CODE_SIGN_STYLE = Automatic;
				INFOPLIST_FILE = Pryaniki/Info.plist;
				LD_RUNPATH_SEARCH_PATHS = (
					"$(inherited)",
					"@executable_path/Frameworks",
				);
				PRODUCT_BUNDLE_IDENTIFIER = semenov.Pryaniki;
				PRODUCT_NAME = "$(TARGET_NAME)";
				SWIFT_VERSION = 5.0;
				TARGETED_DEVICE_FAMILY = "1,2";
			};
			name = Debug;
		};
		84FECACC252454E700228903 /* Release */ = {
			isa = XCBuildConfiguration;
			buildSettings = {
				ASSETCATALOG_COMPILER_APPICON_NAME = AppIcon;
				CODE_SIGN_STYLE = Automatic;
				INFOPLIST_FILE = Pryaniki/Info.plist;
				LD_RUNPATH_SEARCH_PATHS = (
					"$(inherited)",
					"@executable_path/Frameworks",
				);
				PRODUCT_BUNDLE_IDENTIFIER = semenov.Pryaniki;
				PRODUCT_NAME = "$(TARGET_NAME)";
				SWIFT_VERSION = 5.0;
				TARGETED_DEVICE_FAMILY = "1,2";
			};
			name = Release;
		};
/* End XCBuildConfiguration section */

/* Begin XCConfigurationList section */
		84FECAB1252454D800228903 /* Build configuration list for PBXProject "Pryaniki" */ = {
			isa = XCConfigurationList;
			buildConfigurations = (
				84FECAC8252454E700228903 /* Debug */,
				84FECAC9252454E700228903 /* Release */,
			);
			defaultConfigurationIsVisible = 0;
			defaultConfigurationName = Release;
		};
		84FECACA252454E700228903 /* Build configuration list for PBXNativeTarget "Pryaniki" */ = {
			isa = XCConfigurationList;
			buildConfigurations = (
				84FECACB252454E700228903 /* Debug */,
				84FECACC252454E700228903 /* Release */,
			);
			defaultConfigurationIsVisible = 0;
			defaultConfigurationName = Release;
		};
/* End XCConfigurationList section */
	};
	rootObject = 84FECAAE252454D800228903 /* Project object */;
}
